
Microsoft Visual Studio Solution File, Format Version 12.00
# Visual Studio Version 17
VisualStudioVersion = 17.4.33213.308
MinimumVisualStudioVersion = 10.0.40219.1
Project("{FAE04EC0-301F-11D3-BF4B-00C04F79EFBC}") = "LoginPassword", "LoginPassword.csproj", "{61818F9F-DD71-4D56-9136-B974B66E240E}"
EndProject
Global
	GlobalSection(SolutionConfigurationPlatforms) = preSolution
		Debug|Any CPU = Debug|Any CPU
		Release|Any CPU = Release|Any CPU
	EndGlobalSection
	GlobalSection(ProjectConfigurationPlatforms) = postSolution
		{61818F9F-DD71-4D56-9136-B974B66E240E}.Debug|Any CPU.ActiveCfg = Debug|Any CPU
		{61818F9F-DD71-4D56-9136-B974B66E240E}.Debug|Any CPU.Build.0 = Debug|Any CPU
		{61818F9F-DD71-4D56-9136-B974B66E240E}.Release|Any CPU.ActiveCfg = Release|Any CPU
		{61818F9F-DD71-4D56-9136-B974B66E240E}.Release|Any CPU.Build.0 = Release|Any CPU
	EndGlobalSection
	GlobalSection(SolutionProperties) = preSolution
		HideSolutionNode = FALSE
	EndGlobalSection
	GlobalSection(ExtensibilityGlobals) = postSolution
		SolutionGuid = {2E208132-331A-49E0-885D-26725B75EDED}
	EndGlobalSection
EndGlobal
