
Microsoft Visual Studio Solution File, Format Version 12.00
# Visual Studio Version 17
VisualStudioVersion = 17.4.33213.308
MinimumVisualStudioVersion = 10.0.40219.1
Project("{FAE04EC0-301F-11D3-BF4B-00C04F79EFBC}") = "Figure_", "Figure_.csproj", "{20EC4B89-4442-42E2-BBAD-67D10133F1CC}"
EndProject
Global
	GlobalSection(SolutionConfigurationPlatforms) = preSolution
		Debug|Any CPU = Debug|Any CPU
		Release|Any CPU = Release|Any CPU
	EndGlobalSection
	GlobalSection(ProjectConfigurationPlatforms) = postSolution
		{20EC4B89-4442-42E2-BBAD-67D10133F1CC}.Debug|Any CPU.ActiveCfg = Debug|Any CPU
		{20EC4B89-4442-42E2-BBAD-67D10133F1CC}.Debug|Any CPU.Build.0 = Debug|Any CPU
		{20EC4B89-4442-42E2-BBAD-67D10133F1CC}.Release|Any CPU.ActiveCfg = Release|Any CPU
		{20EC4B89-4442-42E2-BBAD-67D10133F1CC}.Release|Any CPU.Build.0 = Release|Any CPU
	EndGlobalSection
	GlobalSection(SolutionProperties) = preSolution
		HideSolutionNode = FALSE
	EndGlobalSection
	GlobalSection(ExtensibilityGlobals) = postSolution
		SolutionGuid = {F5EACF2F-8A3A-4287-9BAF-B7D7E301BDA5}
	EndGlobalSection
EndGlobal
