
Microsoft Visual Studio Solution File, Format Version 12.00
# Visual Studio Version 17
VisualStudioVersion = 17.4.33213.308
MinimumVisualStudioVersion = 10.0.40219.1
Project("{FAE04EC0-301F-11D3-BF4B-00C04F79EFBC}") = "DirectorWorkerBooker", "DirectorWorkerBooker.csproj", "{97126F56-7AC9-4C40-BA0D-F5AAB846A9E0}"
EndProject
Global
	GlobalSection(SolutionConfigurationPlatforms) = preSolution
		Debug|Any CPU = Debug|Any CPU
		Release|Any CPU = Release|Any CPU
	EndGlobalSection
	GlobalSection(ProjectConfigurationPlatforms) = postSolution
		{97126F56-7AC9-4C40-BA0D-F5AAB846A9E0}.Debug|Any CPU.ActiveCfg = Debug|Any CPU
		{97126F56-7AC9-4C40-BA0D-F5AAB846A9E0}.Debug|Any CPU.Build.0 = Debug|Any CPU
		{97126F56-7AC9-4C40-BA0D-F5AAB846A9E0}.Release|Any CPU.ActiveCfg = Release|Any CPU
		{97126F56-7AC9-4C40-BA0D-F5AAB846A9E0}.Release|Any CPU.Build.0 = Release|Any CPU
	EndGlobalSection
	GlobalSection(SolutionProperties) = preSolution
		HideSolutionNode = FALSE
	EndGlobalSection
	GlobalSection(ExtensibilityGlobals) = postSolution
		SolutionGuid = {158B8EBB-B1BA-4D7E-BF26-8B0422C53A4C}
	EndGlobalSection
EndGlobal
